// !$*UTF8*$!
{
	archiveVersion = 1;
	classes = {
	};
	objectVersion = 55;
	objects = {

/* Begin PBXBuildFile section */
		E08178722A152F230062EC40 /* AppDelegate.swift in Sources */ = {isa = PBXBuildFile; fileRef = E08178712A152F230062EC40 /* AppDelegate.swift */; };
		E08178742A152F230062EC40 /* SceneDelegate.swift in Sources */ = {isa = PBXBuildFile; fileRef = E08178732A152F230062EC40 /* SceneDelegate.swift */; };
		E08178762A152F230062EC40 /* ViewController.swift in Sources */ = {isa = PBXBuildFile; fileRef = E08178752A152F230062EC40 /* ViewController.swift */; };
		E08178792A152F230062EC40 /* Main.storyboard in Resources */ = {isa = PBXBuildFile; fileRef = E08178772A152F230062EC40 /* Main.storyboard */; };
		E081787C2A152F230062EC40 /* ColeccionDeJuegos.xcdatamodeld in Sources */ = {isa = PBXBuildFile; fileRef = E081787A2A152F230062EC40 /* ColeccionDeJuegos.xcdatamodeld */; };
		E081787E2A152F250062EC40 /* Assets.xcassets in Resources */ = {isa = PBXBuildFile; fileRef = E081787D2A152F250062EC40 /* Assets.xcassets */; };
		E08178812A152F250062EC40 /* LaunchScreen.storyboard in Resources */ = {isa = PBXBuildFile; fileRef = E081787F2A152F250062EC40 /* LaunchScreen.storyboard */; };
		E081788C2A152F250062EC40 /* ColeccionDeJuegosTests.swift in Sources */ = {isa = PBXBuildFile; fileRef = E081788B2A152F250062EC40 /* ColeccionDeJuegosTests.swift */; };
		E08178962A152F250062EC40 /* ColeccionDeJuegosUITests.swift in Sources */ = {isa = PBXBuildFile; fileRef = E08178952A152F250062EC40 /* ColeccionDeJuegosUITests.swift */; };
		E08178982A152F250062EC40 /* ColeccionDeJuegosUITestsLaunchTests.swift in Sources */ = {isa = PBXBuildFile; fileRef = E08178972A152F250062EC40 /* ColeccionDeJuegosUITestsLaunchTests.swift */; };
/* End PBXBuildFile section */

/* Begin PBXContainerItemProxy section */
		E08178882A152F250062EC40 /* PBXContainerItemProxy */ = {
			isa = PBXContainerItemProxy;
			containerPortal = E08178662A152F230062EC40 /* Project object */;
			proxyType = 1;
			remoteGlobalIDString = E081786D2A152F230062EC40;
			remoteInfo = ColeccionDeJuegos;
		};
		E08178922A152F250062EC40 /* PBXContainerItemProxy */ = {
			isa = PBXContainerItemProxy;
			containerPortal = E08178662A152F230062EC40 /* Project object */;
			proxyType = 1;
			remoteGlobalIDString = E081786D2A152F230062EC40;
			remoteInfo = ColeccionDeJuegos;
		};
/* End PBXContainerItemProxy section */

/* Begin PBXFileReference section */
		E081786E2A152F230062EC40 /* ColeccionDeJuegos.app */ = {isa = PBXFileReference; explicitFileType = wrapper.application; includeInIndex = 0; path = ColeccionDeJuegos.app; sourceTree = BUILT_PRODUCTS_DIR; };
		E08178712A152F230062EC40 /* AppDelegate.swift */ = {isa = PBXFileReference; lastKnownFileType = sourcecode.swift; path = AppDelegate.swift; sourceTree = "<group>"; };
		E08178732A152F230062EC40 /* SceneDelegate.swift */ = {isa = PBXFileReference; lastKnownFileType = sourcecode.swift; path = SceneDelegate.swift; sourceTree = "<group>"; };
		E08178752A152F230062EC40 /* ViewController.swift */ = {isa = PBXFileReference; lastKnownFileType = sourcecode.swift; path = ViewController.swift; sourceTree = "<group>"; };
		E08178782A152F230062EC40 /* Base */ = {isa = PBXFileReference; lastKnownFileType = file.storyboard; name = Base; path = Base.lproj/Main.storyboard; sourceTree = "<group>"; };
		E081787B2A152F230062EC40 /* ColeccionDeJuegos.xcdatamodel */ = {isa = PBXFileReference; lastKnownFileType = wrapper.xcdatamodel; path = ColeccionDeJuegos.xcdatamodel; sourceTree = "<group>"; };
		E081787D2A152F250062EC40 /* Assets.xcassets */ = {isa = PBXFileReference; lastKnownFileType = folder.assetcatalog; path = Assets.xcassets; sourceTree = "<group>"; };
		E08178802A152F250062EC40 /* Base */ = {isa = PBXFileReference; lastKnownFileType = file.storyboard; name = Base; path = Base.lproj/LaunchScreen.storyboard; sourceTree = "<group>"; };
		E08178822A152F250062EC40 /* Info.plist */ = {isa = PBXFileReference; lastKnownFileType = text.plist.xml; path = Info.plist; sourceTree = "<group>"; };
		E08178872A152F250062EC40 /* ColeccionDeJuegosTests.xctest */ = {isa = PBXFileReference; explicitFileType = wrapper.cfbundle; includeInIndex = 0; path = ColeccionDeJuegosTests.xctest; sourceTree = BUILT_PRODUCTS_DIR; };
		E081788B2A152F250062EC40 /* ColeccionDeJuegosTests.swift */ = {isa = PBXFileReference; lastKnownFileType = sourcecode.swift; path = ColeccionDeJuegosTests.swift; sourceTree = "<group>"; };
		E08178912A152F250062EC40 /* ColeccionDeJuegosUITests.xctest */ = {isa = PBXFileReference; explicitFileType = wrapper.cfbundle; includeInIndex = 0; path = ColeccionDeJuegosUITests.xctest; sourceTree = BUILT_PRODUCTS_DIR; };
		E08178952A152F250062EC40 /* ColeccionDeJuegosUITests.swift */ = {isa = PBXFileReference; lastKnownFileType = sourcecode.swift; path = ColeccionDeJuegosUITests.swift; sourceTree = "<group>"; };
		E08178972A152F250062EC40 /* ColeccionDeJuegosUITestsLaunchTests.swift */ = {isa = PBXFileReference; lastKnownFileType = sourcecode.swift; path = ColeccionDeJuegosUITestsLaunchTests.swift; sourceTree = "<group>"; };
/* End PBXFileReference section */

/* Begin PBXFrameworksBuildPhase section */
		E081786B2A152F230062EC40 /* Frameworks */ = {
			isa = PBXFrameworksBuildPhase;
			buildActionMask = 2147483647;
			files = (
			);
			runOnlyForDeploymentPostprocessing = 0;
		};
		E08178842A152F250062EC40 /* Frameworks */ = {
			isa = PBXFrameworksBuildPhase;
			buildActionMask = 2147483647;
			files = (
			);
			runOnlyForDeploymentPostprocessing = 0;
		};
		E081788E2A152F250062EC40 /* Frameworks */ = {
			isa = PBXFrameworksBuildPhase;
			buildActionMask = 2147483647;
			files = (
			);
			runOnlyForDeploymentPostprocessing = 0;
		};
/* End PBXFrameworksBuildPhase section */

/* Begin PBXGroup section */
		E08178652A152F230062EC40 = {
			isa = PBXGroup;
			children = (
				E08178702A152F230062EC40 /* ColeccionDeJuegos */,
				E081788A2A152F250062EC40 /* ColeccionDeJuegosTests */,
				E08178942A152F250062EC40 /* ColeccionDeJuegosUITests */,
				E081786F2A152F230062EC40 /* Products */,
			);
			sourceTree = "<group>";
		};
		E081786F2A152F230062EC40 /* Products */ = {
			isa = PBXGroup;
			children = (
				E081786E2A152F230062EC40 /* ColeccionDeJuegos.app */,
				E08178872A152F250062EC40 /* ColeccionDeJuegosTests.xctest */,
				E08178912A152F250062EC40 /* ColeccionDeJuegosUITests.xctest */,
			);
			name = Products;
			sourceTree = "<group>";
		};
		E08178702A152F230062EC40 /* ColeccionDeJuegos */ = {
			isa = PBXGroup;
			children = (
				E08178712A152F230062EC40 /* AppDelegate.swift */,
				E08178732A152F230062EC40 /* SceneDelegate.swift */,
				E08178752A152F230062EC40 /* ViewController.swift */,
				E08178772A152F230062EC40 /* Main.storyboard */,
				E081787D2A152F250062EC40 /* Assets.xcassets */,
				E081787F2A152F250062EC40 /* LaunchScreen.storyboard */,
				E08178822A152F250062EC40 /* Info.plist */,
				E081787A2A152F230062EC40 /* ColeccionDeJuegos.xcdatamodeld */,
			);
			path = ColeccionDeJuegos;
			sourceTree = "<group>";
		};
		E081788A2A152F250062EC40 /* ColeccionDeJuegosTests */ = {
			isa = PBXGroup;
			children = (
				E081788B2A152F250062EC40 /* ColeccionDeJuegosTests.swift */,
			);
			path = ColeccionDeJuegosTests;
			sourceTree = "<group>";
		};
		E08178942A152F250062EC40 /* ColeccionDeJuegosUITests */ = {
			isa = PBXGroup;
			children = (
				E08178952A152F250062EC40 /* ColeccionDeJuegosUITests.swift */,
				E08178972A152F250062EC40 /* ColeccionDeJuegosUITestsLaunchTests.swift */,
			);
			path = ColeccionDeJuegosUITests;
			sourceTree = "<group>";
		};
/* End PBXGroup section */

/* Begin PBXNativeTarget section */
		E081786D2A152F230062EC40 /* ColeccionDeJuegos */ = {
			isa = PBXNativeTarget;
			buildConfigurationList = E081789B2A152F250062EC40 /* Build configuration list for PBXNativeTarget "ColeccionDeJuegos" */;
			buildPhases = (
				E081786A2A152F230062EC40 /* Sources */,
				E081786B2A152F230062EC40 /* Frameworks */,
				E081786C2A152F230062EC40 /* Resources */,
			);
			buildRules = (
			);
			dependencies = (
			);
			name = ColeccionDeJuegos;
			productName = ColeccionDeJuegos;
			productReference = E081786E2A152F230062EC40 /* ColeccionDeJuegos.app */;
			productType = "com.apple.product-type.application";
		};
		E08178862A152F250062EC40 /* ColeccionDeJuegosTests */ = {
			isa = PBXNativeTarget;
			buildConfigurationList = E081789E2A152F250062EC40 /* Build configuration list for PBXNativeTarget "ColeccionDeJuegosTests" */;
			buildPhases = (
				E08178832A152F250062EC40 /* Sources */,
				E08178842A152F250062EC40 /* Frameworks */,
				E08178852A152F250062EC40 /* Resources */,
			);
			buildRules = (
			);
			dependencies = (
				E08178892A152F250062EC40 /* PBXTargetDependency */,
			);
			name = ColeccionDeJuegosTests;
			productName = ColeccionDeJuegosTests;
			productReference = E08178872A152F250062EC40 /* ColeccionDeJuegosTests.xctest */;
			productType = "com.apple.product-type.bundle.unit-test";
		};
		E08178902A152F250062EC40 /* ColeccionDeJuegosUITests */ = {
			isa = PBXNativeTarget;
			buildConfigurationList = E08178A12A152F250062EC40 /* Build configuration list for PBXNativeTarget "ColeccionDeJuegosUITests" */;
			buildPhases = (
				E081788D2A152F250062EC40 /* Sources */,
				E081788E2A152F250062EC40 /* Frameworks */,
				E081788F2A152F250062EC40 /* Resources */,
			);
			buildRules = (
			);
			dependencies = (
				E08178932A152F250062EC40 /* PBXTargetDependency */,
			);
			name = ColeccionDeJuegosUITests;
			productName = ColeccionDeJuegosUITests;
			productReference = E08178912A152F250062EC40 /* ColeccionDeJuegosUITests.xctest */;
			productType = "com.apple.product-type.bundle.ui-testing";
		};
/* End PBXNativeTarget section */

/* Begin PBXProject section */
		E08178662A152F230062EC40 /* Project object */ = {
			isa = PBXProject;
			attributes = {
				BuildIndependentTargetsInParallel = 1;
				LastSwiftUpdateCheck = 1330;
				LastUpgradeCheck = 1330;
				TargetAttributes = {
					E081786D2A152F230062EC40 = {
						CreatedOnToolsVersion = 13.3;
					};
					E08178862A152F250062EC40 = {
						CreatedOnToolsVersion = 13.3;
						TestTargetID = E081786D2A152F230062EC40;
					};
					E08178902A152F250062EC40 = {
						CreatedOnToolsVersion = 13.3;
						TestTargetID = E081786D2A152F230062EC40;
					};
				};
			};
			buildConfigurationList = E08178692A152F230062EC40 /* Build configuration list for PBXProject "ColeccionDeJuegos" */;
			compatibilityVersion = "Xcode 13.0";
			developmentRegion = en;
			hasScannedForEncodings = 0;
			knownRegions = (
				en,
				Base,
			);
			mainGroup = E08178652A152F230062EC40;
			productRefGroup = E081786F2A152F230062EC40 /* Products */;
			projectDirPath = "";
			projectRoot = "";
			targets = (
				E081786D2A152F230062EC40 /* ColeccionDeJuegos */,
				E08178862A152F250062EC40 /* ColeccionDeJuegosTests */,
				E08178902A152F250062EC40 /* ColeccionDeJuegosUITests */,
			);
		};
/* End PBXProject section */

/* Begin PBXResourcesBuildPhase section */
		E081786C2A152F230062EC40 /* Resources */ = {
			isa = PBXResourcesBuildPhase;
			buildActionMask = 2147483647;
			files = (
				E08178812A152F250062EC40 /* LaunchScreen.storyboard in Resources */,
				E081787E2A152F250062EC40 /* Assets.xcassets in Resources */,
				E08178792A152F230062EC40 /* Main.storyboard in Resources */,
			);
			runOnlyForDeploymentPostprocessing = 0;
		};
		E08178852A152F250062EC40 /* Resources */ = {
			isa = PBXResourcesBuildPhase;
			buildActionMask = 2147483647;
			files = (
			);
			runOnlyForDeploymentPostprocessing = 0;
		};
		E081788F2A152F250062EC40 /* Resources */ = {
			isa = PBXResourcesBuildPhase;
			buildActionMask = 2147483647;
			files = (
			);
			runOnlyForDeploymentPostprocessing = 0;
		};
/* End PBXResourcesBuildPhase section */

/* Begin PBXSourcesBuildPhase section */
		E081786A2A152F230062EC40 /* Sources */ = {
			isa = PBXSourcesBuildPhase;
			buildActionMask = 2147483647;
			files = (
				E08178762A152F230062EC40 /* ViewController.swift in Sources */,
				E08178722A152F230062EC40 /* AppDelegate.swift in Sources */,
				E08178742A152F230062EC40 /* SceneDelegate.swift in Sources */,
				E081787C2A152F230062EC40 /* ColeccionDeJuegos.xcdatamodeld in Sources */,
			);
			runOnlyForDeploymentPostprocessing = 0;
		};
		E08178832A152F250062EC40 /* Sources */ = {
			isa = PBXSourcesBuildPhase;
			buildActionMask = 2147483647;
			files = (
				E081788C2A152F250062EC40 /* ColeccionDeJuegosTests.swift in Sources */,
			);
			runOnlyForDeploymentPostprocessing = 0;
		};
		E081788D2A152F250062EC40 /* Sources */ = {
			isa = PBXSourcesBuildPhase;
			buildActionMask = 2147483647;
			files = (
				E08178982A152F250062EC40 /* ColeccionDeJuegosUITestsLaunchTests.swift in Sources */,
				E08178962A152F250062EC40 /* ColeccionDeJuegosUITests.swift in Sources */,
			);
			runOnlyForDeploymentPostprocessing = 0;
		};
/* End PBXSourcesBuildPhase section */

/* Begin PBXTargetDependency section */
		E08178892A152F250062EC40 /* PBXTargetDependency */ = {
			isa = PBXTargetDependency;
			target = E081786D2A152F230062EC40 /* ColeccionDeJuegos */;
			targetProxy = E08178882A152F250062EC40 /* PBXContainerItemProxy */;
		};
		E08178932A152F250062EC40 /* PBXTargetDependency */ = {
			isa = PBXTargetDependency;
			target = E081786D2A152F230062EC40 /* ColeccionDeJuegos */;
			targetProxy = E08178922A152F250062EC40 /* PBXContainerItemProxy */;
		};
/* End PBXTargetDependency section */

/* Begin PBXVariantGroup section */
		E08178772A152F230062EC40 /* Main.storyboard */ = {
			isa = PBXVariantGroup;
			children = (
				E08178782A152F230062EC40 /* Base */,
			);
			name = Main.storyboard;
			sourceTree = "<group>";
		};
		E081787F2A152F250062EC40 /* LaunchScreen.storyboard */ = {
			isa = PBXVariantGroup;
			children = (
				E08178802A152F250062EC40 /* Base */,
			);
			name = LaunchScreen.storyboard;
			sourceTree = "<group>";
		};
/* End PBXVariantGroup section */

/* Begin XCBuildConfiguration section */
		E08178992A152F250062EC40 /* Debug */ = {
			isa = XCBuildConfiguration;
			buildSettings = {
				ALWAYS_SEARCH_USER_PATHS = NO;
				CLANG_ANALYZER_NONNULL = YES;
				CLANG_ANALYZER_NUMBER_OBJECT_CONVERSION = YES_AGGRESSIVE;
				CLANG_CXX_LANGUAGE_STANDARD = "gnu++17";
				CLANG_ENABLE_MODULES = YES;
				CLANG_ENABLE_OBJC_ARC = YES;
				CLANG_ENABLE_OBJC_WEAK = YES;
				CLANG_WARN_BLOCK_CAPTURE_AUTORELEASING = YES;
				CLANG_WARN_BOOL_CONVERSION = YES;
				CLANG_WARN_COMMA = YES;
				CLANG_WARN_CONSTANT_CONVERSION = YES;
				CLANG_WARN_DEPRECATED_OBJC_IMPLEMENTATIONS = YES;
				CLANG_WARN_DIRECT_OBJC_ISA_USAGE = YES_ERROR;
				CLANG_WARN_DOCUMENTATION_COMMENTS = YES;
				CLANG_WARN_EMPTY_BODY = YES;
				CLANG_WARN_ENUM_CONVERSION = YES;
				CLANG_WARN_INFINITE_RECURSION = YES;
				CLANG_WARN_INT_CONVERSION = YES;
				CLANG_WARN_NON_LITERAL_NULL_CONVERSION = YES;
				CLANG_WARN_OBJC_IMPLICIT_RETAIN_SELF = YES;
				CLANG_WARN_OBJC_LITERAL_CONVERSION = YES;
				CLANG_WARN_OBJC_ROOT_CLASS = YES_ERROR;
				CLANG_WARN_QUOTED_INCLUDE_IN_FRAMEWORK_HEADER = YES;
				CLANG_WARN_RANGE_LOOP_ANALYSIS = YES;
				CLANG_WARN_STRICT_PROTOTYPES = YES;
				CLANG_WARN_SUSPICIOUS_MOVE = YES;
				CLANG_WARN_UNGUARDED_AVAILABILITY = YES_AGGRESSIVE;
				CLANG_WARN_UNREACHABLE_CODE = YES;
				CLANG_WARN__DUPLICATE_METHOD_MATCH = YES;
				COPY_PHASE_STRIP = NO;
				DEBUG_INFORMATION_FORMAT = dwarf;
				ENABLE_STRICT_OBJC_MSGSEND = YES;
				ENABLE_TESTABILITY = YES;
				GCC_C_LANGUAGE_STANDARD = gnu11;
				GCC_DYNAMIC_NO_PIC = NO;
				GCC_NO_COMMON_BLOCKS = YES;
				GCC_OPTIMIZATION_LEVEL = 0;
				GCC_PREPROCESSOR_DEFINITIONS = (
					"DEBUG=1",
					"$(inherited)",
				);
				GCC_WARN_64_TO_32_BIT_CONVERSION = YES;
				GCC_WARN_ABOUT_RETURN_TYPE = YES_ERROR;
				GCC_WARN_UNDECLARED_SELECTOR = YES;
				GCC_WARN_UNINITIALIZED_AUTOS = YES_AGGRESSIVE;
				GCC_WARN_UNUSED_FUNCTION = YES;
				GCC_WARN_UNUSED_VARIABLE = YES;
				IPHONEOS_DEPLOYMENT_TARGET = 15.4;
				MTL_ENABLE_DEBUG_INFO = INCLUDE_SOURCE;
				MTL_FAST_MATH = YES;
				ONLY_ACTIVE_ARCH = YES;
				SDKROOT = iphoneos;
				SWIFT_ACTIVE_COMPILATION_CONDITIONS = DEBUG;
				SWIFT_OPTIMIZATION_LEVEL = "-Onone";
			};
			name = Debug;
		};
		E081789A2A152F250062EC40 /* Release */ = {
			isa = XCBuildConfiguration;
			buildSettings = {
				ALWAYS_SEARCH_USER_PATHS = NO;
				CLANG_ANALYZER_NONNULL = YES;
				CLANG_ANALYZER_NUMBER_OBJECT_CONVERSION = YES_AGGRESSIVE;
				CLANG_CXX_LANGUAGE_STANDARD = "gnu++17";
				CLANG_ENABLE_MODULES = YES;
				CLANG_ENABLE_OBJC_ARC = YES;
				CLANG_ENABLE_OBJC_WEAK = YES;
				CLANG_WARN_BLOCK_CAPTURE_AUTORELEASING = YES;
				CLANG_WARN_BOOL_CONVERSION = YES;
				CLANG_WARN_COMMA = YES;
				CLANG_WARN_CONSTANT_CONVERSION = YES;
				CLANG_WARN_DEPRECATED_OBJC_IMPLEMENTATIONS = YES;
				CLANG_WARN_DIRECT_OBJC_ISA_USAGE = YES_ERROR;
				CLANG_WARN_DOCUMENTATION_COMMENTS = YES;
				CLANG_WARN_EMPTY_BODY = YES;
				CLANG_WARN_ENUM_CONVERSION = YES;
				CLANG_WARN_INFINITE_RECURSION = YES;
				CLANG_WARN_INT_CONVERSION = YES;
				CLANG_WARN_NON_LITERAL_NULL_CONVERSION = YES;
				CLANG_WARN_OBJC_IMPLICIT_RETAIN_SELF = YES;
				CLANG_WARN_OBJC_LITERAL_CONVERSION = YES;
				CLANG_WARN_OBJC_ROOT_CLASS = YES_ERROR;
				CLANG_WARN_QUOTED_INCLUDE_IN_FRAMEWORK_HEADER = YES;
				CLANG_WARN_RANGE_LOOP_ANALYSIS = YES;
				CLANG_WARN_STRICT_PROTOTYPES = YES;
				CLANG_WARN_SUSPICIOUS_MOVE = YES;
				CLANG_WARN_UNGUARDED_AVAILABILITY = YES_AGGRESSIVE;
				CLANG_WARN_UNREACHABLE_CODE = YES;
				CLANG_WARN__DUPLICATE_METHOD_MATCH = YES;
				COPY_PHASE_STRIP = NO;
				DEBUG_INFORMATION_FORMAT = "dwarf-with-dsym";
				ENABLE_NS_ASSERTIONS = NO;
				ENABLE_STRICT_OBJC_MSGSEND = YES;
				GCC_C_LANGUAGE_STANDARD = gnu11;
				GCC_NO_COMMON_BLOCKS = YES;
				GCC_WARN_64_TO_32_BIT_CONVERSION = YES;
				GCC_WARN_ABOUT_RETURN_TYPE = YES_ERROR;
				GCC_WARN_UNDECLARED_SELECTOR = YES;
				GCC_WARN_UNINITIALIZED_AUTOS = YES_AGGRESSIVE;
				GCC_WARN_UNUSED_FUNCTION = YES;
				GCC_WARN_UNUSED_VARIABLE = YES;
				IPHONEOS_DEPLOYMENT_TARGET = 15.4;
				MTL_ENABLE_DEBUG_INFO = NO;
				MTL_FAST_MATH = YES;
				SDKROOT = iphoneos;
				SWIFT_COMPILATION_MODE = wholemodule;
				SWIFT_OPTIMIZATION_LEVEL = "-O";
				VALIDATE_PRODUCT = YES;
			};
			name = Release;
		};
		E081789C2A152F250062EC40 /* Debug */ = {
			isa = XCBuildConfiguration;
			buildSettings = {
				ASSETCATALOG_COMPILER_APPICON_NAME = AppIcon;
				ASSETCATALOG_COMPILER_GLOBAL_ACCENT_COLOR_NAME = AccentColor;
				CODE_SIGN_STYLE = Automatic;
				CURRENT_PROJECT_VERSION = 1;
				GENERATE_INFOPLIST_FILE = YES;
				INFOPLIST_FILE = ColeccionDeJuegos/Info.plist;
				INFOPLIST_KEY_UIApplicationSupportsIndirectInputEvents = YES;
				INFOPLIST_KEY_UILaunchStoryboardName = LaunchScreen;
				INFOPLIST_KEY_UIMainStoryboardFile = Main;
				INFOPLIST_KEY_UISupportedInterfaceOrientations_iPad = "UIInterfaceOrientationPortrait UIInterfaceOrientationPortraitUpsideDown UIInterfaceOrientationLandscapeLeft UIInterfaceOrientationLandscapeRight";
				INFOPLIST_KEY_UISupportedInterfaceOrientations_iPhone = "UIInterfaceOrientationPortrait UIInterfaceOrientationLandscapeLeft UIInterfaceOrientationLandscapeRight";
				LD_RUNPATH_SEARCH_PATHS = (
					"$(inherited)",
					"@executable_path/Frameworks",
				);
				MARKETING_VERSION = 1.0;
				PRODUCT_BUNDLE_IDENTIFIER = empresa.ColeccionDeJuegos;
				PRODUCT_NAME = "$(TARGET_NAME)";
				SWIFT_EMIT_LOC_STRINGS = YES;
				SWIFT_VERSION = 5.0;
				TARGETED_DEVICE_FAMILY = "1,2";
			};
			name = Debug;
		};
		E081789D2A152F250062EC40 /* Release */ = {
			isa = XCBuildConfiguration;
			buildSettings = {
				ASSETCATALOG_COMPILER_APPICON_NAME = AppIcon;
				ASSETCATALOG_COMPILER_GLOBAL_ACCENT_COLOR_NAME = AccentColor;
				CODE_SIGN_STYLE = Automatic;
				CURRENT_PROJECT_VERSION = 1;
				GENERATE_INFOPLIST_FILE = YES;
				INFOPLIST_FILE = ColeccionDeJuegos/Info.plist;
				INFOPLIST_KEY_UIApplicationSupportsIndirectInputEvents = YES;
				INFOPLIST_KEY_UILaunchStoryboardName = LaunchScreen;
				INFOPLIST_KEY_UIMainStoryboardFile = Main;
				INFOPLIST_KEY_UISupportedInterfaceOrientations_iPad = "UIInterfaceOrientationPortrait UIInterfaceOrientationPortraitUpsideDown UIInterfaceOrientationLandscapeLeft UIInterfaceOrientationLandscapeRight";
				INFOPLIST_KEY_UISupportedInterfaceOrientations_iPhone = "UIInterfaceOrientationPortrait UIInterfaceOrientationLandscapeLeft UIInterfaceOrientationLandscapeRight";
				LD_RUNPATH_SEARCH_PATHS = (
					"$(inherited)",
					"@executable_path/Frameworks",
				);
				MARKETING_VERSION = 1.0;
				PRODUCT_BUNDLE_IDENTIFIER = empresa.ColeccionDeJuegos;
				PRODUCT_NAME = "$(TARGET_NAME)";
				SWIFT_EMIT_LOC_STRINGS = YES;
				SWIFT_VERSION = 5.0;
				TARGETED_DEVICE_FAMILY = "1,2";
			};
			name = Release;
		};
		E081789F2A152F250062EC40 /* Debug */ = {
			isa = XCBuildConfiguration;
			buildSettings = {
				ALWAYS_EMBED_SWIFT_STANDARD_LIBRARIES = YES;
				BUNDLE_LOADER = "$(TEST_HOST)";
				CODE_SIGN_STYLE = Automatic;
				CURRENT_PROJECT_VERSION = 1;
				GENERATE_INFOPLIST_FILE = YES;
				IPHONEOS_DEPLOYMENT_TARGET = 15.4;
				MARKETING_VERSION = 1.0;
				PRODUCT_BUNDLE_IDENTIFIER = empresa.ColeccionDeJuegosTests;
				PRODUCT_NAME = "$(TARGET_NAME)";
				SWIFT_EMIT_LOC_STRINGS = NO;
				SWIFT_VERSION = 5.0;
				TARGETED_DEVICE_FAMILY = "1,2";
				TEST_HOST = "$(BUILT_PRODUCTS_DIR)/ColeccionDeJuegos.app/ColeccionDeJuegos";
			};
			name = Debug;
		};
		E08178A02A152F250062EC40 /* Release */ = {
			isa = XCBuildConfiguration;
			buildSettings = {
				ALWAYS_EMBED_SWIFT_STANDARD_LIBRARIES = YES;
				BUNDLE_LOADER = "$(TEST_HOST)";
				CODE_SIGN_STYLE = Automatic;
				CURRENT_PROJECT_VERSION = 1;
				GENERATE_INFOPLIST_FILE = YES;
				IPHONEOS_DEPLOYMENT_TARGET = 15.4;
				MARKETING_VERSION = 1.0;
				PRODUCT_BUNDLE_IDENTIFIER = empresa.ColeccionDeJuegosTests;
				PRODUCT_NAME = "$(TARGET_NAME)";
				SWIFT_EMIT_LOC_STRINGS = NO;
				SWIFT_VERSION = 5.0;
				TARGETED_DEVICE_FAMILY = "1,2";
				TEST_HOST = "$(BUILT_PRODUCTS_DIR)/ColeccionDeJuegos.app/ColeccionDeJuegos";
			};
			name = Release;
		};
		E08178A22A152F250062EC40 /* Debug */ = {
			isa = XCBuildConfiguration;
			buildSettings = {
				ALWAYS_EMBED_SWIFT_STANDARD_LIBRARIES = YES;
				CODE_SIGN_STYLE = Automatic;
				CURRENT_PROJECT_VERSION = 1;
				GENERATE_INFOPLIST_FILE = YES;
				MARKETING_VERSION = 1.0;
				PRODUCT_BUNDLE_IDENTIFIER = empresa.ColeccionDeJuegosUITests;
				PRODUCT_NAME = "$(TARGET_NAME)";
				SWIFT_EMIT_LOC_STRINGS = NO;
				SWIFT_VERSION = 5.0;
				TARGETED_DEVICE_FAMILY = "1,2";
				TEST_TARGET_NAME = ColeccionDeJuegos;
			};
			name = Debug;
		};
		E08178A32A152F250062EC40 /* Release */ = {
			isa = XCBuildConfiguration;
			buildSettings = {
				ALWAYS_EMBED_SWIFT_STANDARD_LIBRARIES = YES;
				CODE_SIGN_STYLE = Automatic;
				CURRENT_PROJECT_VERSION = 1;
				GENERATE_INFOPLIST_FILE = YES;
				MARKETING_VERSION = 1.0;
				PRODUCT_BUNDLE_IDENTIFIER = empresa.ColeccionDeJuegosUITests;
				PRODUCT_NAME = "$(TARGET_NAME)";
				SWIFT_EMIT_LOC_STRINGS = NO;
				SWIFT_VERSION = 5.0;
				TARGETED_DEVICE_FAMILY = "1,2";
				TEST_TARGET_NAME = ColeccionDeJuegos;
			};
			name = Release;
		};
/* End XCBuildConfiguration section */

/* Begin XCConfigurationList section */
		E08178692A152F230062EC40 /* Build configuration list for PBXProject "ColeccionDeJuegos" */ = {
			isa = XCConfigurationList;
			buildConfigurations = (
				E08178992A152F250062EC40 /* Debug */,
				E081789A2A152F250062EC40 /* Release */,
			);
			defaultConfigurationIsVisible = 0;
			defaultConfigurationName = Release;
		};
		E081789B2A152F250062EC40 /* Build configuration list for PBXNativeTarget "ColeccionDeJuegos" */ = {
			isa = XCConfigurationList;
			buildConfigurations = (
				E081789C2A152F250062EC40 /* Debug */,
				E081789D2A152F250062EC40 /* Release */,
			);
			defaultConfigurationIsVisible = 0;
			defaultConfigurationName = Release;
		};
		E081789E2A152F250062EC40 /* Build configuration list for PBXNativeTarget "ColeccionDeJuegosTests" */ = {
			isa = XCConfigurationList;
			buildConfigurations = (
				E081789F2A152F250062EC40 /* Debug */,
				E08178A02A152F250062EC40 /* Release */,
			);
			defaultConfigurationIsVisible = 0;
			defaultConfigurationName = Release;
		};
		E08178A12A152F250062EC40 /* Build configuration list for PBXNativeTarget "ColeccionDeJuegosUITests" */ = {
			isa = XCConfigurationList;
			buildConfigurations = (
				E08178A22A152F250062EC40 /* Debug */,
				E08178A32A152F250062EC40 /* Release */,
			);
			defaultConfigurationIsVisible = 0;
			defaultConfigurationName = Release;
		};
/* End XCConfigurationList section */

/* Begin XCVersionGroup section */
		E081787A2A152F230062EC40 /* ColeccionDeJuegos.xcdatamodeld */ = {
			isa = XCVersionGroup;
			children = (
				E081787B2A152F230062EC40 /* ColeccionDeJuegos.xcdatamodel */,
			);
			currentVersion = E081787B2A152F230062EC40 /* ColeccionDeJuegos.xcdatamodel */;
			path = ColeccionDeJuegos.xcdatamodeld;
			sourceTree = "<group>";
			versionGroupType = wrapper.xcdatamodel;
		};
/* End XCVersionGroup section */
	};
	rootObject = E08178662A152F230062EC40 /* Project object */;
}
